
Microsoft Visual Studio Solution File, Format Version 12.00
# Visual Studio 15
VisualStudioVersion = 15.0.28307.136
MinimumVisualStudioVersion = 10.0.40219.1
Project("{FAE04EC0-301F-11D3-BF4B-00C04F79EFBC}") = "P00_Concert", "P00_Concert\P00_Concert.csproj", "{C0B3C5AE-A9A0-4169-8A69-D1EC5C181881}"
EndProject
Project("{FAE04EC0-301F-11D3-BF4B-00C04F79EFBC}") = "P01_SongEncryption", "P01_SongEncryption\P01_SongEncryption.csproj", "{8B123462-A762-4CB9-90C8-94C2F9D87854}"
EndProject
Global
	GlobalSection(SolutionConfigurationPlatforms) = preSolution
		Debug|Any CPU = Debug|Any CPU
		Release|Any CPU = Release|Any CPU
	EndGlobalSection
	GlobalSection(ProjectConfigurationPlatforms) = postSolution
		{C0B3C5AE-A9A0-4169-8A69-D1EC5C181881}.Debug|Any CPU.ActiveCfg = Debug|Any CPU
		{C0B3C5AE-A9A0-4169-8A69-D1EC5C181881}.Debug|Any CPU.Build.0 = Debug|Any CPU
		{C0B3C5AE-A9A0-4169-8A69-D1EC5C181881}.Release|Any CPU.ActiveCfg = Release|Any CPU
		{C0B3C5AE-A9A0-4169-8A69-D1EC5C181881}.Release|Any CPU.Build.0 = Release|Any CPU
		{8B123462-A762-4CB9-90C8-94C2F9D87854}.Debug|Any CPU.ActiveCfg = Debug|Any CPU
		{8B123462-A762-4CB9-90C8-94C2F9D87854}.Debug|Any CPU.Build.0 = Debug|Any CPU
		{8B123462-A762-4CB9-90C8-94C2F9D87854}.Release|Any CPU.ActiveCfg = Release|Any CPU
		{8B123462-A762-4CB9-90C8-94C2F9D87854}.Release|Any CPU.Build.0 = Release|Any CPU
	EndGlobalSection
	GlobalSection(SolutionProperties) = preSolution
		HideSolutionNode = FALSE
	EndGlobalSection
	GlobalSection(ExtensibilityGlobals) = postSolution
		SolutionGuid = {35C7AE45-5D88-4C1C-833C-C24E1C4DAA93}
	EndGlobalSection
EndGlobal
