
Microsoft Visual Studio Solution File, Format Version 12.00
# Visual Studio 15
VisualStudioVersion = 15.0.28307.572
MinimumVisualStudioVersion = 10.0.40219.1
Project("{FAE04EC0-301F-11D3-BF4B-00C04F79EFBC}") = "P0_PostOffice", "P0_PostOffice\P0_PostOffice.csproj", "{C40769DE-BA83-4416-B5A5-EB981EB0F9CD}"
EndProject
Global
	GlobalSection(SolutionConfigurationPlatforms) = preSolution
		Debug|Any CPU = Debug|Any CPU
		Release|Any CPU = Release|Any CPU
	EndGlobalSection
	GlobalSection(ProjectConfigurationPlatforms) = postSolution
		{C40769DE-BA83-4416-B5A5-EB981EB0F9CD}.Debug|Any CPU.ActiveCfg = Debug|Any CPU
		{C40769DE-BA83-4416-B5A5-EB981EB0F9CD}.Debug|Any CPU.Build.0 = Debug|Any CPU
		{C40769DE-BA83-4416-B5A5-EB981EB0F9CD}.Release|Any CPU.ActiveCfg = Release|Any CPU
		{C40769DE-BA83-4416-B5A5-EB981EB0F9CD}.Release|Any CPU.Build.0 = Release|Any CPU
	EndGlobalSection
	GlobalSection(SolutionProperties) = preSolution
		HideSolutionNode = FALSE
	EndGlobalSection
	GlobalSection(ExtensibilityGlobals) = postSolution
		SolutionGuid = {15C936F8-5093-4A4B-B726-5F603B5AA014}
	EndGlobalSection
EndGlobal
