
Microsoft Visual Studio Solution File, Format Version 12.00
# Visual Studio 15
VisualStudioVersion = 15.0.28307.136
MinimumVisualStudioVersion = 10.0.40219.1
Project("{9A19103F-16F7-4668-BE54-9A1E7A4F7556}") = "P01_IntegerOperations", "P01_IntegerOperations\P01_IntegerOperations.csproj", "{E1EDE98E-96C9-47B8-87ED-68597EEC6A79}"
EndProject
Project("{9A19103F-16F7-4668-BE54-9A1E7A4F7556}") = "P02_SumDigits", "P02_SumDigits\P02_SumDigits.csproj", "{E0AD7180-6743-4BAF-BC64-C7B5C207499F}"
EndProject
Project("{9A19103F-16F7-4668-BE54-9A1E7A4F7556}") = "P03_Elevator", "P03_Elevator\P03_Elevator.csproj", "{B6BDBB56-D532-426B-8688-7D42B56D193D}"
EndProject
Project("{9A19103F-16F7-4668-BE54-9A1E7A4F7556}") = "P04_SumofChars", "P04_SumofChars\P04_SumofChars.csproj", "{1A3B67B4-89A4-4DCB-A713-DEBE7948D219}"
EndProject
Project("{9A19103F-16F7-4668-BE54-9A1E7A4F7556}") = "P05_PrintPartoftheASCIITable", "P05_PrintPartoftheASCIITable\P05_PrintPartoftheASCIITable.csproj", "{FCC8767D-9929-4945-A164-C3FBA441FBF8}"
EndProject
Project("{9A19103F-16F7-4668-BE54-9A1E7A4F7556}") = "P06_TriplesofLatinLetters", "P06_TriplesofLatinLetters\P06_TriplesofLatinLetters.csproj", "{F882785E-4913-4382-B46C-4CD66944C9EC}"
EndProject
Project("{9A19103F-16F7-4668-BE54-9A1E7A4F7556}") = "P07_WaterOverflow", "P07_WaterOverflow\P07_WaterOverflow.csproj", "{1B5A19EE-4EA8-4481-A685-904A6FDCB92D}"
EndProject
Project("{9A19103F-16F7-4668-BE54-9A1E7A4F7556}") = "P08_BeerKegs", "P08_BeerKegs\P08_BeerKegs.csproj", "{D44A32FD-4F6E-4BFD-A91F-8ED1A0505A5B}"
EndProject
Project("{9A19103F-16F7-4668-BE54-9A1E7A4F7556}") = "P09_SpiceMustFlow", "P09_SpiceMustFlow\P09_SpiceMustFlow.csproj", "{1D02C927-63ED-44B0-AAAB-FC9A851A1902}"
EndProject
Project("{9A19103F-16F7-4668-BE54-9A1E7A4F7556}") = "P10_PokeMon", "P10_PokeMon\P10_PokeMon.csproj", "{3EF6C17B-929E-4A75-9717-1908F8FB10C9}"
EndProject
Project("{9A19103F-16F7-4668-BE54-9A1E7A4F7556}") = "P11_Snowballs", "P11_Snowballs\P11_Snowballs.csproj", "{2C3C3674-C8D7-41AC-AF9D-ECAB39640313}"
EndProject
Project("{9A19103F-16F7-4668-BE54-9A1E7A4F7556}") = "P12_DataTypeFinder", "P12_DataTypeFinder\P12_DataTypeFinder.csproj", "{66D62911-4E33-4FF5-9C47-76E8D2377EFA}"
EndProject
Project("{9A19103F-16F7-4668-BE54-9A1E7A4F7556}") = "P13_FromLefttoTheRight", "P13_FromLefttoTheRight\P13_FromLefttoTheRight.csproj", "{C48F35E7-6419-4C33-9ACA-A2C44D96CCB6}"
EndProject
Project("{9A19103F-16F7-4668-BE54-9A1E7A4F7556}") = "P14_FloatingEquality", "P14_FloatingEquality\P14_FloatingEquality.csproj", "{6A356D95-CF6C-44D3-B8E1-35BFD905D5D8}"
EndProject
Project("{FAE04EC0-301F-11D3-BF4B-00C04F79EFBC}") = "P15_RefactoringPrimeChecker", "P15_RefactoringPrimeChecker\P15_RefactoringPrimeChecker.csproj", "{304E97BD-BAB4-4FE3-A2DD-70FAC5C30DB9}"
EndProject
Project("{FAE04EC0-301F-11D3-BF4B-00C04F79EFBC}") = "P16_DecryptingMessage", "P16_DecryptingMessage\P16_DecryptingMessage.csproj", "{91570A1B-E8BE-447F-AF7E-3464359FB82E}"
EndProject
Project("{FAE04EC0-301F-11D3-BF4B-00C04F79EFBC}") = "P17_BalancedBrackets", "P17_BalancedBrackets\P17_BalancedBrackets.csproj", "{10F061A8-48A7-43D1-AE7A-8EA1B2C98DF3}"
EndProject
Global
	GlobalSection(SolutionConfigurationPlatforms) = preSolution
		Debug|Any CPU = Debug|Any CPU
		Release|Any CPU = Release|Any CPU
	EndGlobalSection
	GlobalSection(ProjectConfigurationPlatforms) = postSolution
		{E1EDE98E-96C9-47B8-87ED-68597EEC6A79}.Debug|Any CPU.ActiveCfg = Debug|Any CPU
		{E1EDE98E-96C9-47B8-87ED-68597EEC6A79}.Debug|Any CPU.Build.0 = Debug|Any CPU
		{E1EDE98E-96C9-47B8-87ED-68597EEC6A79}.Release|Any CPU.ActiveCfg = Release|Any CPU
		{E1EDE98E-96C9-47B8-87ED-68597EEC6A79}.Release|Any CPU.Build.0 = Release|Any CPU
		{E0AD7180-6743-4BAF-BC64-C7B5C207499F}.Debug|Any CPU.ActiveCfg = Debug|Any CPU
		{E0AD7180-6743-4BAF-BC64-C7B5C207499F}.Debug|Any CPU.Build.0 = Debug|Any CPU
		{E0AD7180-6743-4BAF-BC64-C7B5C207499F}.Release|Any CPU.ActiveCfg = Release|Any CPU
		{E0AD7180-6743-4BAF-BC64-C7B5C207499F}.Release|Any CPU.Build.0 = Release|Any CPU
		{B6BDBB56-D532-426B-8688-7D42B56D193D}.Debug|Any CPU.ActiveCfg = Debug|Any CPU
		{B6BDBB56-D532-426B-8688-7D42B56D193D}.Debug|Any CPU.Build.0 = Debug|Any CPU
		{B6BDBB56-D532-426B-8688-7D42B56D193D}.Release|Any CPU.ActiveCfg = Release|Any CPU
		{B6BDBB56-D532-426B-8688-7D42B56D193D}.Release|Any CPU.Build.0 = Release|Any CPU
		{1A3B67B4-89A4-4DCB-A713-DEBE7948D219}.Debug|Any CPU.ActiveCfg = Debug|Any CPU
		{1A3B67B4-89A4-4DCB-A713-DEBE7948D219}.Debug|Any CPU.Build.0 = Debug|Any CPU
		{1A3B67B4-89A4-4DCB-A713-DEBE7948D219}.Release|Any CPU.ActiveCfg = Release|Any CPU
		{1A3B67B4-89A4-4DCB-A713-DEBE7948D219}.Release|Any CPU.Build.0 = Release|Any CPU
		{FCC8767D-9929-4945-A164-C3FBA441FBF8}.Debug|Any CPU.ActiveCfg = Debug|Any CPU
		{FCC8767D-9929-4945-A164-C3FBA441FBF8}.Debug|Any CPU.Build.0 = Debug|Any CPU
		{FCC8767D-9929-4945-A164-C3FBA441FBF8}.Release|Any CPU.ActiveCfg = Release|Any CPU
		{FCC8767D-9929-4945-A164-C3FBA441FBF8}.Release|Any CPU.Build.0 = Release|Any CPU
		{F882785E-4913-4382-B46C-4CD66944C9EC}.Debug|Any CPU.ActiveCfg = Debug|Any CPU
		{F882785E-4913-4382-B46C-4CD66944C9EC}.Debug|Any CPU.Build.0 = Debug|Any CPU
		{F882785E-4913-4382-B46C-4CD66944C9EC}.Release|Any CPU.ActiveCfg = Release|Any CPU
		{F882785E-4913-4382-B46C-4CD66944C9EC}.Release|Any CPU.Build.0 = Release|Any CPU
		{1B5A19EE-4EA8-4481-A685-904A6FDCB92D}.Debug|Any CPU.ActiveCfg = Debug|Any CPU
		{1B5A19EE-4EA8-4481-A685-904A6FDCB92D}.Debug|Any CPU.Build.0 = Debug|Any CPU
		{1B5A19EE-4EA8-4481-A685-904A6FDCB92D}.Release|Any CPU.ActiveCfg = Release|Any CPU
		{1B5A19EE-4EA8-4481-A685-904A6FDCB92D}.Release|Any CPU.Build.0 = Release|Any CPU
		{D44A32FD-4F6E-4BFD-A91F-8ED1A0505A5B}.Debug|Any CPU.ActiveCfg = Debug|Any CPU
		{D44A32FD-4F6E-4BFD-A91F-8ED1A0505A5B}.Debug|Any CPU.Build.0 = Debug|Any CPU
		{D44A32FD-4F6E-4BFD-A91F-8ED1A0505A5B}.Release|Any CPU.ActiveCfg = Release|Any CPU
		{D44A32FD-4F6E-4BFD-A91F-8ED1A0505A5B}.Release|Any CPU.Build.0 = Release|Any CPU
		{1D02C927-63ED-44B0-AAAB-FC9A851A1902}.Debug|Any CPU.ActiveCfg = Debug|Any CPU
		{1D02C927-63ED-44B0-AAAB-FC9A851A1902}.Debug|Any CPU.Build.0 = Debug|Any CPU
		{1D02C927-63ED-44B0-AAAB-FC9A851A1902}.Release|Any CPU.ActiveCfg = Release|Any CPU
		{1D02C927-63ED-44B0-AAAB-FC9A851A1902}.Release|Any CPU.Build.0 = Release|Any CPU
		{3EF6C17B-929E-4A75-9717-1908F8FB10C9}.Debug|Any CPU.ActiveCfg = Debug|Any CPU
		{3EF6C17B-929E-4A75-9717-1908F8FB10C9}.Debug|Any CPU.Build.0 = Debug|Any CPU
		{3EF6C17B-929E-4A75-9717-1908F8FB10C9}.Release|Any CPU.ActiveCfg = Release|Any CPU
		{3EF6C17B-929E-4A75-9717-1908F8FB10C9}.Release|Any CPU.Build.0 = Release|Any CPU
		{2C3C3674-C8D7-41AC-AF9D-ECAB39640313}.Debug|Any CPU.ActiveCfg = Debug|Any CPU
		{2C3C3674-C8D7-41AC-AF9D-ECAB39640313}.Debug|Any CPU.Build.0 = Debug|Any CPU
		{2C3C3674-C8D7-41AC-AF9D-ECAB39640313}.Release|Any CPU.ActiveCfg = Release|Any CPU
		{2C3C3674-C8D7-41AC-AF9D-ECAB39640313}.Release|Any CPU.Build.0 = Release|Any CPU
		{66D62911-4E33-4FF5-9C47-76E8D2377EFA}.Debug|Any CPU.ActiveCfg = Debug|Any CPU
		{66D62911-4E33-4FF5-9C47-76E8D2377EFA}.Debug|Any CPU.Build.0 = Debug|Any CPU
		{66D62911-4E33-4FF5-9C47-76E8D2377EFA}.Release|Any CPU.ActiveCfg = Release|Any CPU
		{66D62911-4E33-4FF5-9C47-76E8D2377EFA}.Release|Any CPU.Build.0 = Release|Any CPU
		{C48F35E7-6419-4C33-9ACA-A2C44D96CCB6}.Debug|Any CPU.ActiveCfg = Debug|Any CPU
		{C48F35E7-6419-4C33-9ACA-A2C44D96CCB6}.Debug|Any CPU.Build.0 = Debug|Any CPU
		{C48F35E7-6419-4C33-9ACA-A2C44D96CCB6}.Release|Any CPU.ActiveCfg = Release|Any CPU
		{C48F35E7-6419-4C33-9ACA-A2C44D96CCB6}.Release|Any CPU.Build.0 = Release|Any CPU
		{6A356D95-CF6C-44D3-B8E1-35BFD905D5D8}.Debug|Any CPU.ActiveCfg = Debug|Any CPU
		{6A356D95-CF6C-44D3-B8E1-35BFD905D5D8}.Debug|Any CPU.Build.0 = Debug|Any CPU
		{6A356D95-CF6C-44D3-B8E1-35BFD905D5D8}.Release|Any CPU.ActiveCfg = Release|Any CPU
		{6A356D95-CF6C-44D3-B8E1-35BFD905D5D8}.Release|Any CPU.Build.0 = Release|Any CPU
		{304E97BD-BAB4-4FE3-A2DD-70FAC5C30DB9}.Debug|Any CPU.ActiveCfg = Debug|Any CPU
		{304E97BD-BAB4-4FE3-A2DD-70FAC5C30DB9}.Debug|Any CPU.Build.0 = Debug|Any CPU
		{304E97BD-BAB4-4FE3-A2DD-70FAC5C30DB9}.Release|Any CPU.ActiveCfg = Release|Any CPU
		{304E97BD-BAB4-4FE3-A2DD-70FAC5C30DB9}.Release|Any CPU.Build.0 = Release|Any CPU
		{91570A1B-E8BE-447F-AF7E-3464359FB82E}.Debug|Any CPU.ActiveCfg = Debug|Any CPU
		{91570A1B-E8BE-447F-AF7E-3464359FB82E}.Debug|Any CPU.Build.0 = Debug|Any CPU
		{91570A1B-E8BE-447F-AF7E-3464359FB82E}.Release|Any CPU.ActiveCfg = Release|Any CPU
		{91570A1B-E8BE-447F-AF7E-3464359FB82E}.Release|Any CPU.Build.0 = Release|Any CPU
		{10F061A8-48A7-43D1-AE7A-8EA1B2C98DF3}.Debug|Any CPU.ActiveCfg = Debug|Any CPU
		{10F061A8-48A7-43D1-AE7A-8EA1B2C98DF3}.Debug|Any CPU.Build.0 = Debug|Any CPU
		{10F061A8-48A7-43D1-AE7A-8EA1B2C98DF3}.Release|Any CPU.ActiveCfg = Release|Any CPU
		{10F061A8-48A7-43D1-AE7A-8EA1B2C98DF3}.Release|Any CPU.Build.0 = Release|Any CPU
	EndGlobalSection
	GlobalSection(SolutionProperties) = preSolution
		HideSolutionNode = FALSE
	EndGlobalSection
	GlobalSection(ExtensibilityGlobals) = postSolution
		SolutionGuid = {2C37C728-52EA-473A-B789-60427C711CD2}
	EndGlobalSection
EndGlobal
